// !$*UTF8*$!
{
	archiveVersion = 1;
	classes = {
	};
	objectVersion = 46;
	objects = {

/* Begin PBXBuildFile section */
		32E67FCD1AEF83C200E0DE01 /* AppDelegate.swift in Sources */ = {isa = PBXBuildFile; fileRef = 32E67FCC1AEF83C200E0DE01 /* AppDelegate.swift */; };
		32E67FCF1AEF83C200E0DE01 /* ViewController.swift in Sources */ = {isa = PBXBuildFile; fileRef = 32E67FCE1AEF83C200E0DE01 /* ViewController.swift */; };
		32E67FD21AEF83C200E0DE01 /* Main.storyboard in Resources */ = {isa = PBXBuildFile; fileRef = 32E67FD01AEF83C200E0DE01 /* Main.storyboard */; };
		32E67FD41AEF83C200E0DE01 /* Images.xcassets in Resources */ = {isa = PBXBuildFile; fileRef = 32E67FD31AEF83C200E0DE01 /* Images.xcassets */; };
		32E67FD71AEF83C200E0DE01 /* LaunchScreen.xib in Resources */ = {isa = PBXBuildFile; fileRef = 32E67FD51AEF83C200E0DE01 /* LaunchScreen.xib */; };
		32E67FE31AEF83C200E0DE01 /* GachaTests.swift in Sources */ = {isa = PBXBuildFile; fileRef = 32E67FE21AEF83C200E0DE01 /* GachaTests.swift */; };
/* End PBXBuildFile section */

/* Begin PBXContainerItemProxy section */
		32E67FDD1AEF83C200E0DE01 /* PBXContainerItemProxy */ = {
			isa = PBXContainerItemProxy;
			containerPortal = 32E67FBF1AEF83C100E0DE01 /* Project object */;
			proxyType = 1;
			remoteGlobalIDString = 32E67FC61AEF83C200E0DE01;
			remoteInfo = Gacha;
		};
/* End PBXContainerItemProxy section */

/* Begin PBXFileReference section */
		32E67FC71AEF83C200E0DE01 /* Gacha.app */ = {isa = PBXFileReference; explicitFileType = wrapper.application; includeInIndex = 0; path = Gacha.app; sourceTree = BUILT_PRODUCTS_DIR; };
		32E67FCB1AEF83C200E0DE01 /* Info.plist */ = {isa = PBXFileReference; lastKnownFileType = text.plist.xml; path = Info.plist; sourceTree = "<group>"; };
		32E67FCC1AEF83C200E0DE01 /* AppDelegate.swift */ = {isa = PBXFileReference; lastKnownFileType = sourcecode.swift; path = AppDelegate.swift; sourceTree = "<group>"; };
		32E67FCE1AEF83C200E0DE01 /* ViewController.swift */ = {isa = PBXFileReference; lastKnownFileType = sourcecode.swift; path = ViewController.swift; sourceTree = "<group>"; };
		32E67FD11AEF83C200E0DE01 /* Base */ = {isa = PBXFileReference; lastKnownFileType = file.storyboard; name = Base; path = Base.lproj/Main.storyboard; sourceTree = "<group>"; };
		32E67FD31AEF83C200E0DE01 /* Images.xcassets */ = {isa = PBXFileReference; lastKnownFileType = folder.assetcatalog; path = Images.xcassets; sourceTree = "<group>"; };
		32E67FD61AEF83C200E0DE01 /* Base */ = {isa = PBXFileReference; lastKnownFileType = file.xib; name = Base; path = Base.lproj/LaunchScreen.xib; sourceTree = "<group>"; };
		32E67FDC1AEF83C200E0DE01 /* GachaTests.xctest */ = {isa = PBXFileReference; explicitFileType = wrapper.cfbundle; includeInIndex = 0; path = GachaTests.xctest; sourceTree = BUILT_PRODUCTS_DIR; };
		32E67FE11AEF83C200E0DE01 /* Info.plist */ = {isa = PBXFileReference; lastKnownFileType = text.plist.xml; path = Info.plist; sourceTree = "<group>"; };
		32E67FE21AEF83C200E0DE01 /* GachaTests.swift */ = {isa = PBXFileReference; lastKnownFileType = sourcecode.swift; path = GachaTests.swift; sourceTree = "<group>"; };
/* End PBXFileReference section */

/* Begin PBXFrameworksBuildPhase section */
		32E67FC41AEF83C200E0DE01 /* Frameworks */ = {
			isa = PBXFrameworksBuildPhase;
			buildActionMask = 2147483647;
			files = (
			);
			runOnlyForDeploymentPostprocessing = 0;
		};
		32E67FD91AEF83C200E0DE01 /* Frameworks */ = {
			isa = PBXFrameworksBuildPhase;
			buildActionMask = 2147483647;
			files = (
			);
			runOnlyForDeploymentPostprocessing = 0;
		};
/* End PBXFrameworksBuildPhase section */

/* Begin PBXGroup section */
		32E67FBE1AEF83C100E0DE01 = {
			isa = PBXGroup;
			children = (
				32E67FC91AEF83C200E0DE01 /* Gacha */,
				32E67FDF1AEF83C200E0DE01 /* GachaTests */,
				32E67FC81AEF83C200E0DE01 /* Products */,
			);
			sourceTree = "<group>";
		};
		32E67FC81AEF83C200E0DE01 /* Products */ = {
			isa = PBXGroup;
			children = (
				32E67FC71AEF83C200E0DE01 /* Gacha.app */,
				32E67FDC1AEF83C200E0DE01 /* GachaTests.xctest */,
			);
			name = Products;
			sourceTree = "<group>";
		};
		32E67FC91AEF83C200E0DE01 /* Gacha */ = {
			isa = PBXGroup;
			children = (
				32E67FCC1AEF83C200E0DE01 /* AppDelegate.swift */,
				32E67FCE1AEF83C200E0DE01 /* ViewController.swift */,
				32E67FD01AEF83C200E0DE01 /* Main.storyboard */,
				32E67FD31AEF83C200E0DE01 /* Images.xcassets */,
				32E67FD51AEF83C200E0DE01 /* LaunchScreen.xib */,
				32E67FCA1AEF83C200E0DE01 /* Supporting Files */,
			);
			path = Gacha;
			sourceTree = "<group>";
		};
		32E67FCA1AEF83C200E0DE01 /* Supporting Files */ = {
			isa = PBXGroup;
			children = (
				32E67FCB1AEF83C200E0DE01 /* Info.plist */,
			);
			name = "Supporting Files";
			sourceTree = "<group>";
		};
		32E67FDF1AEF83C200E0DE01 /* GachaTests */ = {
			isa = PBXGroup;
			children = (
				32E67FE21AEF83C200E0DE01 /* GachaTests.swift */,
				32E67FE01AEF83C200E0DE01 /* Supporting Files */,
			);
			path = GachaTests;
			sourceTree = "<group>";
		};
		32E67FE01AEF83C200E0DE01 /* Supporting Files */ = {
			isa = PBXGroup;
			children = (
				32E67FE11AEF83C200E0DE01 /* Info.plist */,
			);
			name = "Supporting Files";
			sourceTree = "<group>";
		};
/* End PBXGroup section */

/* Begin PBXNativeTarget section */
		32E67FC61AEF83C200E0DE01 /* Gacha */ = {
			isa = PBXNativeTarget;
			buildConfigurationList = 32E67FE61AEF83C200E0DE01 /* Build configuration list for PBXNativeTarget "Gacha" */;
			buildPhases = (
				32E67FC31AEF83C200E0DE01 /* Sources */,
				32E67FC41AEF83C200E0DE01 /* Frameworks */,
				32E67FC51AEF83C200E0DE01 /* Resources */,
			);
			buildRules = (
			);
			dependencies = (
			);
			name = Gacha;
			productName = Gacha;
			productReference = 32E67FC71AEF83C200E0DE01 /* Gacha.app */;
			productType = "com.apple.product-type.application";
		};
		32E67FDB1AEF83C200E0DE01 /* GachaTests */ = {
			isa = PBXNativeTarget;
			buildConfigurationList = 32E67FE91AEF83C200E0DE01 /* Build configuration list for PBXNativeTarget "GachaTests" */;
			buildPhases = (
				32E67FD81AEF83C200E0DE01 /* Sources */,
				32E67FD91AEF83C200E0DE01 /* Frameworks */,
				32E67FDA1AEF83C200E0DE01 /* Resources */,
			);
			buildRules = (
			);
			dependencies = (
				32E67FDE1AEF83C200E0DE01 /* PBXTargetDependency */,
			);
			name = GachaTests;
			productName = GachaTests;
			productReference = 32E67FDC1AEF83C200E0DE01 /* GachaTests.xctest */;
			productType = "com.apple.product-type.bundle.unit-test";
		};
/* End PBXNativeTarget section */

/* Begin PBXProject section */
		32E67FBF1AEF83C100E0DE01 /* Project object */ = {
			isa = PBXProject;
			attributes = {
				LastUpgradeCheck = 0610;
				ORGANIZATIONNAME = Fumiya;
				TargetAttributes = {
					32E67FC61AEF83C200E0DE01 = {
						CreatedOnToolsVersion = 6.1.1;
					};
					32E67FDB1AEF83C200E0DE01 = {
						CreatedOnToolsVersion = 6.1.1;
						TestTargetID = 32E67FC61AEF83C200E0DE01;
					};
				};
			};
			buildConfigurationList = 32E67FC21AEF83C200E0DE01 /* Build configuration list for PBXProject "Gacha" */;
			compatibilityVersion = "Xcode 3.2";
			developmentRegion = English;
			hasScannedForEncodings = 0;
			knownRegions = (
				en,
				Base,
			);
			mainGroup = 32E67FBE1AEF83C100E0DE01;
			productRefGroup = 32E67FC81AEF83C200E0DE01 /* Products */;
			projectDirPath = "";
			projectRoot = "";
			targets = (
				32E67FC61AEF83C200E0DE01 /* Gacha */,
				32E67FDB1AEF83C200E0DE01 /* GachaTests */,
			);
		};
/* End PBXProject section */

/* Begin PBXResourcesBuildPhase section */
		32E67FC51AEF83C200E0DE01 /* Resources */ = {
			isa = PBXResourcesBuildPhase;
			buildActionMask = 2147483647;
			files = (
				32E67FD21AEF83C200E0DE01 /* Main.storyboard in Resources */,
				32E67FD71AEF83C200E0DE01 /* LaunchScreen.xib in Resources */,
				32E67FD41AEF83C200E0DE01 /* Images.xcassets in Resources */,
			);
			runOnlyForDeploymentPostprocessing = 0;
		};
		32E67FDA1AEF83C200E0DE01 /* Resources */ = {
			isa = PBXResourcesBuildPhase;
			buildActionMask = 2147483647;
			files = (
			);
			runOnlyForDeploymentPostprocessing = 0;
		};
/* End PBXResourcesBuildPhase section */

/* Begin PBXSourcesBuildPhase section */
		32E67FC31AEF83C200E0DE01 /* Sources */ = {
			isa = PBXSourcesBuildPhase;
			buildActionMask = 2147483647;
			files = (
				32E67FCF1AEF83C200E0DE01 /* ViewController.swift in Sources */,
				32E67FCD1AEF83C200E0DE01 /* AppDelegate.swift in Sources */,
			);
			runOnlyForDeploymentPostprocessing = 0;
		};
		32E67FD81AEF83C200E0DE01 /* Sources */ = {
			isa = PBXSourcesBuildPhase;
			buildActionMask = 2147483647;
			files = (
				32E67FE31AEF83C200E0DE01 /* GachaTests.swift in Sources */,
			);
			runOnlyForDeploymentPostprocessing = 0;
		};
/* End PBXSourcesBuildPhase section */

/* Begin PBXTargetDependency section */
		32E67FDE1AEF83C200E0DE01 /* PBXTargetDependency */ = {
			isa = PBXTargetDependency;
			target = 32E67FC61AEF83C200E0DE01 /* Gacha */;
			targetProxy = 32E67FDD1AEF83C200E0DE01 /* PBXContainerItemProxy */;
		};
/* End PBXTargetDependency section */

/* Begin PBXVariantGroup section */
		32E67FD01AEF83C200E0DE01 /* Main.storyboard */ = {
			isa = PBXVariantGroup;
			children = (
				32E67FD11AEF83C200E0DE01 /* Base */,
			);
			name = Main.storyboard;
			sourceTree = "<group>";
		};
		32E67FD51AEF83C200E0DE01 /* LaunchScreen.xib */ = {
			isa = PBXVariantGroup;
			children = (
				32E67FD61AEF83C200E0DE01 /* Base */,
			);
			name = LaunchScreen.xib;
			sourceTree = "<group>";
		};
/* End PBXVariantGroup section */

/* Begin XCBuildConfiguration section */
		32E67FE41AEF83C200E0DE01 /* Debug */ = {
			isa = XCBuildConfiguration;
			buildSettings = {
				ALWAYS_SEARCH_USER_PATHS = NO;
				CLANG_CXX_LANGUAGE_STANDARD = "gnu++0x";
				CLANG_CXX_LIBRARY = "libc++";
				CLANG_ENABLE_MODULES = YES;
				CLANG_ENABLE_OBJC_ARC = YES;
				CLANG_WARN_BOOL_CONVERSION = YES;
				CLANG_WARN_CONSTANT_CONVERSION = YES;
				CLANG_WARN_DIRECT_OBJC_ISA_USAGE = YES_ERROR;
				CLANG_WARN_EMPTY_BODY = YES;
				CLANG_WARN_ENUM_CONVERSION = YES;
				CLANG_WARN_INT_CONVERSION = YES;
				CLANG_WARN_OBJC_ROOT_CLASS = YES_ERROR;
				CLANG_WARN_UNREACHABLE_CODE = YES;
				CLANG_WARN__DUPLICATE_METHOD_MATCH = YES;
				"CODE_SIGN_IDENTITY[sdk=iphoneos*]" = "iPhone Developer";
				COPY_PHASE_STRIP = NO;
				ENABLE_STRICT_OBJC_MSGSEND = YES;
				GCC_C_LANGUAGE_STANDARD = gnu99;
				GCC_DYNAMIC_NO_PIC = NO;
				GCC_OPTIMIZATION_LEVEL = 0;
				GCC_PREPROCESSOR_DEFINITIONS = (
					"DEBUG=1",
					"$(inherited)",
				);
				GCC_SYMBOLS_PRIVATE_EXTERN = NO;
				GCC_WARN_64_TO_32_BIT_CONVERSION = YES;
				GCC_WARN_ABOUT_RETURN_TYPE = YES_ERROR;
				GCC_WARN_UNDECLARED_SELECTOR = YES;
				GCC_WARN_UNINITIALIZED_AUTOS = YES_AGGRESSIVE;
				GCC_WARN_UNUSED_FUNCTION = YES;
				GCC_WARN_UNUSED_VARIABLE = YES;
				IPHONEOS_DEPLOYMENT_TARGET = 8.1;
				MTL_ENABLE_DEBUG_INFO = YES;
				ONLY_ACTIVE_ARCH = YES;
				SDKROOT = iphoneos;
				SWIFT_OPTIMIZATION_LEVEL = "-Onone";
			};
			name = Debug;
		};
		32E67FE51AEF83C200E0DE01 /* Release */ = {
			isa = XCBuildConfiguration;
			buildSettings = {
				ALWAYS_SEARCH_USER_PATHS = NO;
				CLANG_CXX_LANGUAGE_STANDARD = "gnu++0x";
				CLANG_CXX_LIBRARY = "libc++";
				CLANG_ENABLE_MODULES = YES;
				CLANG_ENABLE_OBJC_ARC = YES;
				CLANG_WARN_BOOL_CONVERSION = YES;
				CLANG_WARN_CONSTANT_CONVERSION = YES;
				CLANG_WARN_DIRECT_OBJC_ISA_USAGE = YES_ERROR;
				CLANG_WARN_EMPTY_BODY = YES;
				CLANG_WARN_ENUM_CONVERSION = YES;
				CLANG_WARN_INT_CONVERSION = YES;
				CLANG_WARN_OBJC_ROOT_CLASS = YES_ERROR;
				CLANG_WARN_UNREACHABLE_CODE = YES;
				CLANG_WARN__DUPLICATE_METHOD_MATCH = YES;
				"CODE_SIGN_IDENTITY[sdk=iphoneos*]" = "iPhone Developer";
				COPY_PHASE_STRIP = YES;
				ENABLE_NS_ASSERTIONS = NO;
				ENABLE_STRICT_OBJC_MSGSEND = YES;
				GCC_C_LANGUAGE_STANDARD = gnu99;
				GCC_WARN_64_TO_32_BIT_CONVERSION = YES;
				GCC_WARN_ABOUT_RETURN_TYPE = YES_ERROR;
				GCC_WARN_UNDECLARED_SELECTOR = YES;
				GCC_WARN_UNINITIALIZED_AUTOS = YES_AGGRESSIVE;
				GCC_WARN_UNUSED_FUNCTION = YES;
				GCC_WARN_UNUSED_VARIABLE = YES;
				IPHONEOS_DEPLOYMENT_TARGET = 8.1;
				MTL_ENABLE_DEBUG_INFO = NO;
				SDKROOT = iphoneos;
				VALIDATE_PRODUCT = YES;
			};
			name = Release;
		};
		32E67FE71AEF83C200E0DE01 /* Debug */ = {
			isa = XCBuildConfiguration;
			buildSettings = {
				ASSETCATALOG_COMPILER_APPICON_NAME = AppIcon;
				INFOPLIST_FILE = Gacha/Info.plist;
				LD_RUNPATH_SEARCH_PATHS = "$(inherited) @executable_path/Frameworks";
				PRODUCT_NAME = "$(TARGET_NAME)";
			};
			name = Debug;
		};
		32E67FE81AEF83C200E0DE01 /* Release */ = {
			isa = XCBuildConfiguration;
			buildSettings = {
				ASSETCATALOG_COMPILER_APPICON_NAME = AppIcon;
				INFOPLIST_FILE = Gacha/Info.plist;
				LD_RUNPATH_SEARCH_PATHS = "$(inherited) @executable_path/Frameworks";
				PRODUCT_NAME = "$(TARGET_NAME)";
			};
			name = Release;
		};
		32E67FEA1AEF83C200E0DE01 /* Debug */ = {
			isa = XCBuildConfiguration;
			buildSettings = {
				BUNDLE_LOADER = "$(TEST_HOST)";
				FRAMEWORK_SEARCH_PATHS = (
					"$(SDKROOT)/Developer/Library/Frameworks",
					"$(inherited)",
				);
				GCC_PREPROCESSOR_DEFINITIONS = (
					"DEBUG=1",
					"$(inherited)",
				);
				INFOPLIST_FILE = GachaTests/Info.plist;
				LD_RUNPATH_SEARCH_PATHS = "$(inherited) @executable_path/Frameworks @loader_path/Frameworks";
				PRODUCT_NAME = "$(TARGET_NAME)";
				TEST_HOST = "$(BUILT_PRODUCTS_DIR)/Gacha.app/Gacha";
			};
			name = Debug;
		};
		32E67FEB1AEF83C200E0DE01 /* Release */ = {
			isa = XCBuildConfiguration;
			buildSettings = {
				BUNDLE_LOADER = "$(TEST_HOST)";
				FRAMEWORK_SEARCH_PATHS = (
					"$(SDKROOT)/Developer/Library/Frameworks",
					"$(inherited)",
				);
				INFOPLIST_FILE = GachaTests/Info.plist;
				LD_RUNPATH_SEARCH_PATHS = "$(inherited) @executable_path/Frameworks @loader_path/Frameworks";
				PRODUCT_NAME = "$(TARGET_NAME)";
				TEST_HOST = "$(BUILT_PRODUCTS_DIR)/Gacha.app/Gacha";
			};
			name = Release;
		};
/* End XCBuildConfiguration section */

/* Begin XCConfigurationList section */
		32E67FC21AEF83C200E0DE01 /* Build configuration list for PBXProject "Gacha" */ = {
			isa = XCConfigurationList;
			buildConfigurations = (
				32E67FE41AEF83C200E0DE01 /* Debug */,
				32E67FE51AEF83C200E0DE01 /* Release */,
			);
			defaultConfigurationIsVisible = 0;
			defaultConfigurationName = Release;
		};
		32E67FE61AEF83C200E0DE01 /* Build configuration list for PBXNativeTarget "Gacha" */ = {
			isa = XCConfigurationList;
			buildConfigurations = (
				32E67FE71AEF83C200E0DE01 /* Debug */,
				32E67FE81AEF83C200E0DE01 /* Release */,
			);
			defaultConfigurationIsVisible = 0;
		};
		32E67FE91AEF83C200E0DE01 /* Build configuration list for PBXNativeTarget "GachaTests" */ = {
			isa = XCConfigurationList;
			buildConfigurations = (
				32E67FEA1AEF83C200E0DE01 /* Debug */,
				32E67FEB1AEF83C200E0DE01 /* Release */,
			);
			defaultConfigurationIsVisible = 0;
		};
/* End XCConfigurationList section */
	};
	rootObject = 32E67FBF1AEF83C100E0DE01 /* Project object */;
}
